github.com/gorilla/websocket v1.4.0 h1:WDFjx/TMzVgy9VdMMQi2K2Emtwi2QcUQsztZ/zLaH/Q=
github.com/gorilla/websocket v1.4.0/go.mod h1:E7qHFY5m1UJ88s3WnNqhKjPHQ0heANvMoAMk2YaljkQ=
github.com/orcaman/concurrent-map v0.0.0-20190314100340-2693aad1ed75 h1:IV56VwUb9Ludyr7s53CMuEh4DdTnnQtEPLEgLyJ0kHI=
github.com/orcaman/concurrent-map v0.0.0-20190314100340-2693aad1ed75/go.mod h1:Lu3tH6HLW3feq74c2GC+jIMS/K2CFcDWnWD9XkenwhI=
